# THIS IS AN AUTOGENERATED FILE. DO NOT EDIT THIS FILE DIRECTLY.
# yarn lockfile v1


"@syncfusion/ej2-base@~19.4.38":
  "integrity" "sha512-gtBlbeLcYcpNgMfm6czhLWqYF77kVNiOC5Isw72pVyEE58wS1D/cvF3jqgfBCY4Egi58pRod+zXUmXh2d6rV8Q=="
  "resolved" "https://registry.npmjs.org/@syncfusion/ej2-base/-/ej2-base-19.4.38.tgz"
  "version" "19.4.38"
  dependencies:
    "@syncfusion/ej2-icons" "~19.4.38"

"@syncfusion/ej2-buttons@~19.4.38":
  "integrity" "sha512-iMI78xDZOOPVbsVjMaz2YA9gH3ZXGDir5sRTDnpj4+XBEq1rx8NWTXgq0m7pNXpWQGp2qj+BZb749+Z9/FvUIA=="
  "resolved" "https://registry.npmjs.org/@syncfusion/ej2-buttons/-/ej2-buttons-19.4.38.tgz"
  "version" "19.4.38"
  dependencies:
    "@syncfusion/ej2-base" "~19.4.38"

"@syncfusion/ej2-calendars@19.4.38":
  "integrity" "sha512-Lj/IKYuiW/9hmrO+WrwDtLxRjskPUOXnKcrKYsu7Ex5nxTmNz0/LmbjGXJMBHAhgMPt0pNt0YS075yFzXR63sg=="
  "resolved" "https://registry.npmjs.org/@syncfusion/ej2-calendars/-/ej2-calendars-19.4.38.tgz"
  "version" "19.4.38"
  dependencies:
    "@syncfusion/ej2-base" "~19.4.38"
    "@syncfusion/ej2-buttons" "~19.4.38"
    "@syncfusion/ej2-inputs" "~19.4.38"
    "@syncfusion/ej2-lists" "~19.4.38"
    "@syncfusion/ej2-popups" "~19.4.38"

"@syncfusion/ej2-data@~19.4.38":
  "integrity" "sha512-fE0oAwO6ACDnfmx20e58J6WbBx99mYj1o/Uzu4aEdB0s09mAy4ipX1K9zs7LDPP6Xb8GHDfNExODaUfSez77DQ=="
  "resolved" "https://registry.npmjs.org/@syncfusion/ej2-data/-/ej2-data-19.4.38.tgz"
  "version" "19.4.38"
  dependencies:
    "@syncfusion/ej2-base" "~19.4.38"

"@syncfusion/ej2-icons@~19.4.38":
  "integrity" "sha512-7Uy1A76BkDBANdJpgxBRExrcYcz5YULhck9sYKqX4upAhdCubvcQzQslW+bKt0TZra4GLvC+iMG0rRMDzZQuxA=="
  "resolved" "https://registry.npmjs.org/@syncfusion/ej2-icons/-/ej2-icons-19.4.38.tgz"
  "version" "19.4.38"

"@syncfusion/ej2-inputs@~19.4.38":
  "integrity" "sha512-yZbh7KHJ1XIL1tooyxD0PqC4e+vnZF2wuMdeVSKP14CQFz47nAxMNiTREKl6IApFoUm4N+x/jORWcRVaDWunuw=="
  "resolved" "https://registry.npmjs.org/@syncfusion/ej2-inputs/-/ej2-inputs-19.4.38.tgz"
  "version" "19.4.38"
  dependencies:
    "@syncfusion/ej2-base" "~19.4.38"
    "@syncfusion/ej2-buttons" "~19.4.38"
    "@syncfusion/ej2-popups" "~19.4.38"
    "@syncfusion/ej2-splitbuttons" "~19.4.38"

"@syncfusion/ej2-lists@~19.4.38":
  "integrity" "sha512-wxpIbfNKM37hgRpKIcEPnyiYcXZWvHLVCYg4K1QpkOFqhak6QGooLQVHpmNmChZPBYN4v3StvKB+i8SLVCMa+Q=="
  "resolved" "https://registry.npmjs.org/@syncfusion/ej2-lists/-/ej2-lists-19.4.38.tgz"
  "version" "19.4.38"
  dependencies:
    "@syncfusion/ej2-base" "~19.4.38"
    "@syncfusion/ej2-buttons" "~19.4.38"
    "@syncfusion/ej2-data" "~19.4.38"

"@syncfusion/ej2-popups@~19.4.38":
  "integrity" "sha512-aljv4mftK55K8pmd9T5EnNBZy3uCnNmwZtxWovNK+xvOqIorEHZ6wVChTmXxDdP5bJeMU42V9/GRgbamnOxRKQ=="
  "resolved" "https://registry.npmjs.org/@syncfusion/ej2-popups/-/ej2-popups-19.4.38.tgz"
  "version" "19.4.38"
  dependencies:
    "@syncfusion/ej2-base" "~19.4.38"
    "@syncfusion/ej2-buttons" "~19.4.38"

"@syncfusion/ej2-react-base@~19.4.38":
  "integrity" "sha512-ev+RsHFQ51IXrOFsxNAixFmnRWWGZED4iezrhihCHlFbPF6F/0I7BGKvo+N0alxsV7O+vBiCdAi0d+gFwgWxdA=="
  "resolved" "https://registry.npmjs.org/@syncfusion/ej2-react-base/-/ej2-react-base-19.4.38.tgz"
  "version" "19.4.38"
  dependencies:
    "@syncfusion/ej2-base" "~19.4.38"

"@syncfusion/ej2-react-calendars@^19.4.38":
  "integrity" "sha512-wvuBHCu+cDB4EeqgaZMUqqROxU/P6I1Lt0bJea1vrUcQZbpPiaZW3PNu1GJ4XMywoYmQpgT0c/cwekuHbbKmxQ=="
  "resolved" "https://registry.npmjs.org/@syncfusion/ej2-react-calendars/-/ej2-react-calendars-19.4.38.tgz"
  "version" "19.4.38"
  dependencies:
    "@syncfusion/ej2-base" "~19.4.38"
    "@syncfusion/ej2-calendars" "19.4.38"
    "@syncfusion/ej2-react-base" "~19.4.38"

"@syncfusion/ej2-splitbuttons@~19.4.38":
  "integrity" "sha512-uvfgsPpKCIkvrwlSpGT7nO9vei0rCXhE16Jv2kozR0dEwUwhBMlgJrBF4rhr1+eqtPDl8LnYvcgzuG2CNcPAvg=="
  "resolved" "https://registry.npmjs.org/@syncfusion/ej2-splitbuttons/-/ej2-splitbuttons-19.4.38.tgz"
  "version" "19.4.38"
  dependencies:
    "@syncfusion/ej2-base" "~19.4.38"
    "@syncfusion/ej2-popups" "~19.4.38"

"calendar@^0.1.1":
  "integrity" "sha512-CExn+MxSU1pCsjYiS+Cx8d1MtIZqezxRhpIu8odr1oqvYG/0C1m8lvehHxTl1FslgKbOD7Z5QuEcyk8sGgpZLQ=="
  "resolved" "https://registry.npmjs.org/calendar/-/calendar-0.1.1.tgz"
  "version" "0.1.1"

"d@^1.0.1", "d@1":
  "integrity" "sha512-m62ShEObQ39CfralilEQRjH6oAMtNCV1xJyEx5LpRYUVN+EviphDgUc/F3hnYbADmkiNs67Y+3ylmlG7Lnu+FA=="
  "resolved" "https://registry.npmjs.org/d/-/d-1.0.1.tgz"
  "version" "1.0.1"
  dependencies:
    "es5-ext" "^0.10.50"
    "type" "^1.0.1"

"es5-ext@^0.10.35", "es5-ext@^0.10.50":
  "integrity" "sha512-Xs2Stw6NiNHWypzRTY1MtaG/uJlwCk8kH81920ma8mvN8Xq1gsfhZvpkImLQArw8AHnv8MT2I45J3c0R8slE+Q=="
  "resolved" "https://registry.npmjs.org/es5-ext/-/es5-ext-0.10.53.tgz"
  "version" "0.10.53"
  dependencies:
    "es6-iterator" "~2.0.3"
    "es6-symbol" "~3.1.3"
    "next-tick" "~1.0.0"

"es6-iterator@~2.0.3":
  "integrity" "sha1-p96IkUGgWpSwhUQDstCg+/qY87c="
  "resolved" "https://registry.npmjs.org/es6-iterator/-/es6-iterator-2.0.3.tgz"
  "version" "2.0.3"
  dependencies:
    "d" "1"
    "es5-ext" "^0.10.35"
    "es6-symbol" "^3.1.1"

"es6-symbol@^3.1.0", "es6-symbol@^3.1.1", "es6-symbol@~3.1.3":
  "integrity" "sha512-NJ6Yn3FuDinBaBRWl/q5X/s4koRHBrgKAu+yGI6JCBeiu3qrcbJhwT2GeR/EXVfylRk8dpQVJoLEFhK+Mu31NA=="
  "resolved" "https://registry.npmjs.org/es6-symbol/-/es6-symbol-3.1.3.tgz"
  "version" "3.1.3"
  dependencies:
    "d" "^1.0.1"
    "ext" "^1.1.2"

"ext@^1.1.2":
  "integrity" "sha512-sdBImtzkq2HpkdRLtlLWDa6w4DX22ijZLKx8BMPUuKe1c5lbN6xwQDQCxSfxBQnHZ13ls/FH0MQZx/q/gr6FQg=="
  "resolved" "https://registry.npmjs.org/ext/-/ext-1.6.0.tgz"
  "version" "1.6.0"
  dependencies:
    "type" "^2.5.0"

"Faker@^0.7.2":
  "integrity" "sha1-wkdLx3ux14AYtod9MHvX/fCC+xQ="
  "resolved" "https://registry.npmjs.org/Faker/-/Faker-0.7.2.tgz"
  "version" "0.7.2"

"js-tokens@^3.0.0 || ^4.0.0":
  "integrity" "sha512-RdJUflcE3cUzKiMqQgsCu06FPu9UdIJO0beYbPhHN4k6apgJtifcoCtT9bcxOpYBtpD2kCM6Sbzg4CausW/PKQ=="
  "resolved" "https://registry.npmjs.org/js-tokens/-/js-tokens-4.0.0.tgz"
  "version" "4.0.0"

"loose-envify@^1.1.0", "loose-envify@^1.4.0":
  "integrity" "sha512-lyuxPGr/Wfhrlem2CL/UcnUc1zcqKAImBDzukY7Y5F/yQiNdko6+fRLevlw1HgMySw7f611UIY408EtxRSoK3Q=="
  "resolved" "https://registry.npmjs.org/loose-envify/-/loose-envify-1.4.0.tgz"
  "version" "1.4.0"
  dependencies:
    "js-tokens" "^3.0.0 || ^4.0.0"

"moment-range@^4.0.2":
  "integrity" "sha512-n8sceWwSTjmz++nFHzeNEUsYtDqjgXgcOBzsHi+BoXQU2FW+eU92LUaK8gqOiSu5PG57Q9sYj1Fz4LRDj4FtKA=="
  "resolved" "https://registry.npmjs.org/moment-range/-/moment-range-4.0.2.tgz"
  "version" "4.0.2"
  dependencies:
    "es6-symbol" "^3.1.0"

"moment@^2.29.1", "moment@>= 2":
  "integrity" "sha512-kHmoybcPV8Sqy59DwNDY3Jefr64lK/by/da0ViFcuA4DH0vQg5Q6Ze5VimxkfQNSC+Mls/Kx53s7TjP1RhFEDQ=="
  "resolved" "https://registry.npmjs.org/moment/-/moment-2.29.1.tgz"
  "version" "2.29.1"

"next-tick@~1.0.0":
  "integrity" "sha1-yobR/ogoFpsBICCOPchCS524NCw="
  "resolved" "https://registry.npmjs.org/next-tick/-/next-tick-1.0.0.tgz"
  "version" "1.0.0"

"object-assign@^4.1.1":
  "integrity" "sha1-IQmtx5ZYh8/AXLvUQsrIv7s2CGM="
  "resolved" "https://registry.npmjs.org/object-assign/-/object-assign-4.1.1.tgz"
  "version" "4.1.1"

"prop-types@^15.6.2":
  "integrity" "sha512-8QQikdH7//R2vurIJSutZ1smHYTcLpRWEOlHnzcWHmBYrOGUysKwSsrC89BCiFj3CbrfJ/nXFdJepOVrY1GCHQ=="
  "resolved" "https://registry.npmjs.org/prop-types/-/prop-types-15.7.2.tgz"
  "version" "15.7.2"
  dependencies:
    "loose-envify" "^1.4.0"
    "object-assign" "^4.1.1"
    "react-is" "^16.8.1"

"react-dom@15.5.4 - 16.13.1":
  "integrity" "sha512-81PIMmVLnCNLO/fFOQxdQkvEq/+Hfpv24XNJfpyZhTRfO0QcmQIF/PgCa1zCOj2w1hrn12MFLyaJ/G0+Mxtfag=="
  "resolved" "https://registry.npmjs.org/react-dom/-/react-dom-16.13.1.tgz"
  "version" "16.13.1"
  dependencies:
    "loose-envify" "^1.1.0"
    "object-assign" "^4.1.1"
    "prop-types" "^15.6.2"
    "scheduler" "^0.19.1"

"react-is@^16.8.1":
  "integrity" "sha512-24e6ynE2H+OKt4kqsOvNd8kBpV65zoxbA4BVsEOB3ARVWQki/DHzaUoC5KuON/BiccDaCCTZBuOcfZs70kR8bQ=="
  "resolved" "https://registry.npmjs.org/react-is/-/react-is-16.13.1.tgz"
  "version" "16.13.1"

"react@^16.13.1", "react@15.5.4 - 16.13.1":
  "integrity" "sha512-YMZQQq32xHLX0bz5Mnibv1/LHb3Sqzngu7xstSM+vrkE5Kzr9xE0yMByK5kMoTK30YVJE61WfbxIFFvfeDKT1w=="
  "resolved" "https://registry.npmjs.org/react/-/react-16.13.1.tgz"
  "version" "16.13.1"
  dependencies:
    "loose-envify" "^1.1.0"
    "object-assign" "^4.1.1"
    "prop-types" "^15.6.2"

"scheduler@^0.19.1":
  "integrity" "sha512-n/zwRWRYSUj0/3g/otKDRPMh6qv2SYMWNq85IEa8iZyAv8od9zDYpGSnpBEjNgcMNq6Scbu5KfIPxNF72R/2EA=="
  "resolved" "https://registry.npmjs.org/scheduler/-/scheduler-0.19.1.tgz"
  "version" "0.19.1"
  dependencies:
    "loose-envify" "^1.1.0"
    "object-assign" "^4.1.1"

"type@^1.0.1":
  "integrity" "sha512-+5nt5AAniqsCnu2cEQQdpzCAh33kVx8n0VoFidKpB1dVVLAN/F+bgVOqOJqOnEnrhp222clB5p3vUlD+1QAnfg=="
  "resolved" "https://registry.npmjs.org/type/-/type-1.2.0.tgz"
  "version" "1.2.0"

"type@^2.5.0":
  "integrity" "sha512-180WMDQaIMm3+7hGXWf12GtdniDEy7nYcyFMKJn/eZz/6tSLXrUN9V0wKSbMjej0I1WHWbpREDEKHtqPQa9NNw=="
  "resolved" "https://registry.npmjs.org/type/-/type-2.5.0.tgz"
  "version" "2.5.0"
